# This file was autogenerated by Stack.
# You should not edit this file by hand.
# For more information, please see the documentation at:
#   https://docs.haskellstack.org/en/stable/lock_files

packages:
- completed:
    hackage: hlist-0.0.0.0@sha256:5ee588580550018c03882b27d6a243df8b5f503bba98f86ddb44b85ed8bc4e52,775
    pantry-tree:
      size: 201
      sha256: 535dee8f7d8b39dd076feaa47d88c575bb8429da21a1c18ab8b03ea6663814f4
  original:
    hackage: hlist-0.0.0.0@sha256:5ee588580550018c03882b27d6a243df8b5f503bba98f86ddb44b85ed8bc4e52,775
- completed:
    hackage: hexpat-0.20.13@sha256:8e2f645d695b9f6dceccbb744fb03967dd4b862dca4865b991e486b09c7bf71d,6960
    pantry-tree:
      size: 3577
      sha256: e297cc2837a7e3b4ec6b956184d4c4b32bca91110d5ba270b059187691560047
  original:
    hackage: hexpat-0.20.13
- completed:
    hackage: approximate-equality-1.1.0.2@sha256:564a83a453ff76d8008ade85d2308808816cb35886ac4891d79ea80e3292222c,1981
    pantry-tree:
      size: 228
      sha256: 85a31b421452b5da02e4415f355b114434f4cdf9fc8bad2f78eac2474a6d23fd
  original:
    hackage: approximate-equality-1.1.0.2@sha256:564a83a453ff76d8008ade85d2308808816cb35886ac4891d79ea80e3292222c,1981
- completed:
    hackage: type-level-natural-number-2.0@sha256:d9b757b3244edf511296007cbea1c16d5861f8ba6d131603361d313d4d73ed3c,2554
    pantry-tree:
      size: 236
      sha256: 013f38bbcd470e0319f605c3c053da0f3459b5df43e05b09b2710b694e319301
  original:
    hackage: type-level-natural-number-2.0@sha256:d9b757b3244edf511296007cbea1c16d5861f8ba6d131603361d313d4d73ed3c,2554
- completed:
    hackage: hgeometry-0.11.0.0@sha256:09ead201a6ac3492c0be8dda5a6b32792b9ae87cab730b8362d46ee8d5c2acb4,11714
    pantry-tree:
      size: 10298
      sha256: b5665fbc036aa985218b44d8036dd0cfde388d26a236dc51acf6bf266f98609c
  original:
    hackage: hgeometry-0.11.0.0@sha256:09ead201a6ac3492c0be8dda5a6b32792b9ae87cab730b8362d46ee8d5c2acb4,11714
- completed:
    hackage: hgeometry-combinatorial-0.11.0.0@sha256:03176f235a1c49a415fe1266274dafca84deb917cbcbf9a654452686b4cd2bfe,8286
    pantry-tree:
      size: 3959
      sha256: 917d3000636f5f5b5b693084228def875d3c5f89e592b4d38ef8f9051c1f7fbc
  original:
    hackage: hgeometry-combinatorial-0.11.0.0@sha256:03176f235a1c49a415fe1266274dafca84deb917cbcbf9a654452686b4cd2bfe,8286
- completed:
    hackage: hgeometry-ipe-0.11.0.0@sha256:b12615f8ab6f535f80f808bcafdd8ae64345c22140f8899d6d2dac605eb48600,6937
    pantry-tree:
      size: 2053
      sha256: 801483da6a9d879e16bf9a86f5a8b3487e7ee70bf7e5713295b604745bad863d
  original:
    hackage: hgeometry-ipe-0.11.0.0@sha256:b12615f8ab6f535f80f808bcafdd8ae64345c22140f8899d6d2dac605eb48600,6937
snapshots:
- completed:
    size: 524154
    url: https://raw.githubusercontent.com/commercialhaskell/stackage-snapshots/master/lts/14/20.yaml
    sha256: 2f5099f69ddb6abfe64400fe1e6a604e8e628f55e6837211cd70a81eb0a8fa4d
  original: lts-14.20
