# This file was autogenerated by Stack.
# You should not edit this file by hand.
# For more information, please see the documentation at:
#   https://docs.haskellstack.org/en/stable/lock_files

packages:
- completed:
    hackage: hlist-0.0.0.0@sha256:5ee588580550018c03882b27d6a243df8b5f503bba98f86ddb44b85ed8bc4e52,775
    pantry-tree:
      size: 201
      sha256: 535dee8f7d8b39dd076feaa47d88c575bb8429da21a1c18ab8b03ea6663814f4
  original:
    hackage: hlist-0.0.0.0@sha256:5ee588580550018c03882b27d6a243df8b5f503bba98f86ddb44b85ed8bc4e52,775
- completed:
    hackage: hexpat-0.20.13@sha256:8e2f645d695b9f6dceccbb744fb03967dd4b862dca4865b991e486b09c7bf71d,6960
    pantry-tree:
      size: 3577
      sha256: e297cc2837a7e3b4ec6b956184d4c4b32bca91110d5ba270b059187691560047
  original:
    hackage: hexpat-0.20.13
snapshots:
- completed:
    size: 524804
    url: https://raw.githubusercontent.com/commercialhaskell/stackage-snapshots/master/lts/14/16.yaml
    sha256: 4d1519a4372d051d47a5eae2241cf3fb54e113d7475f89707ddb6ec06add2888
  original: lts-14.16
