# This file was autogenerated by Stack.
# You should not edit this file by hand.
# For more information, please see the documentation at:
#   https://docs.haskellstack.org/en/stable/lock_files

packages:
- completed:
    hackage: hlist-0.0.0.0@sha256:5ee588580550018c03882b27d6a243df8b5f503bba98f86ddb44b85ed8bc4e52,775
    pantry-tree:
      size: 201
      sha256: 535dee8f7d8b39dd076feaa47d88c575bb8429da21a1c18ab8b03ea6663814f4
  original:
    hackage: hlist-0.0.0.0@sha256:5ee588580550018c03882b27d6a243df8b5f503bba98f86ddb44b85ed8bc4e52,775
- completed:
    hackage: vector-circular-0.1.3@sha256:49d1740e8ac8df0d2e5ed761f1fb9563dea3d75b329bffa277458138e02915ec,1468
    pantry-tree:
      size: 513
      sha256: 7759af4f053107ecaa5adad3c893321cdd5608c7f78b73e115bfc1a2ac934bdc
  original:
    hackage: vector-circular-0.1.3@sha256:49d1740e8ac8df0d2e5ed761f1fb9563dea3d75b329bffa277458138e02915ec
- completed:
    hackage: hexpat-0.20.13@sha256:8e2f645d695b9f6dceccbb744fb03967dd4b862dca4865b991e486b09c7bf71d,6960
    pantry-tree:
      size: 3577
      sha256: e297cc2837a7e3b4ec6b956184d4c4b32bca91110d5ba270b059187691560047
  original:
    hackage: hexpat-0.20.13
snapshots:
- completed:
    size: 563098
    url: https://raw.githubusercontent.com/commercialhaskell/stackage-snapshots/master/lts/17/1.yaml
    sha256: 395775c03e66a4286f134d50346b0b6f1432131cf542886252984b4cfa5fef69
  original: lts-17.1
